schema: '2.0'
stages:
  data_ingestion:
    cmd: python src/data_ingestion.py
    deps:
    - path: src/data_ingestion.py
      hash: md5
      md5: 81baea9e7691260e7108557277d0b012
      size: 3771
    params:
      params.yaml:
        data_ingestion.test_size: 0.2
    outs:
    - path: data/raw
      hash: md5
      md5: d1f5c3e56418dcac674600e38e537458.dir
      size: 5467505
      nfiles: 2
  data_preprocessing:
    cmd: python src/data_preprocessing.py
    deps:
    - path: data/raw
      hash: md5
      md5: d1f5c3e56418dcac674600e38e537458.dir
      size: 5467505
      nfiles: 2
    - path: src/data_preprocessing.py
      hash: md5
      md5: ae0059b79590609927f72e3c373f1865
      size: 3973
    outs:
    - path: data/interim
      hash: md5
      md5: 6bff873a96402f5a56363dfad5c014be.dir
      size: 3314110
      nfiles: 2
  feature_engineering:
    cmd: python src/feature_engineering.py
    deps:
    - path: data/interim
      hash: md5
      md5: 6bff873a96402f5a56363dfad5c014be.dir
      size: 3314110
      nfiles: 2
    - path: src/feature_engineering.py
      hash: md5
      md5: 08c588d78c082b1389f33a2d78acdb0a
      size: 3946
    params:
      params.yaml:
        feature_engineering.max_features: 50
    outs:
    - path: data/processed
      hash: md5
      md5: 9f13d6b7bc72f993fa805ee34614373f.dir
      size: 1771882
      nfiles: 2
  model_building:
    cmd: python src/model_building.py
    deps:
    - path: data/processed
      hash: md5
      md5: 9f13d6b7bc72f993fa805ee34614373f.dir
      size: 1771882
      nfiles: 2
    - path: src/model_building.py
      hash: md5
      md5: 1915d0a7892f77f98746e008df69ccee
      size: 3736
    params:
      params.yaml:
        model_building.n_estimators: 25
        model_building.random_states: 2
    outs:
    - path: models/model.pkl
      hash: md5
      md5: 860c0f8be2549e139e03e65f2bf3eb10
      size: 1155735
  model_evaluation:
    cmd: python src/model_evaluation.py
    deps:
    - path: models/model.pkl
      hash: md5
      md5: 860c0f8be2549e139e03e65f2bf3eb10
      size: 1155735
    - path: src/model_evaluation.py
      hash: md5
      md5: 3417cf6b3d6f8eb5c53a56fcae61b793
      size: 3645
    outs:
    - path: reports/metrics.json
      hash: md5
      md5: 3674c56d6ad4756c470e7dfb9e3e67c0
      size: 139
